
Microsoft Visual Studio Solution File, Format Version 12.00
Project("{FAE04EC0-301F-11D3-BF4B-00C04F79EFBC}") = "SearchService", "SearchService\SearchService.csproj", "{AA24A495-2FAE-4F5B-AEBD-1AAB28068476}"
EndProject
Global
	GlobalSection(SolutionConfigurationPlatforms) = preSolution
		Debug|Any CPU = Debug|Any CPU
		Release|Any CPU = Release|Any CPU
	EndGlobalSection
	GlobalSection(ProjectConfigurationPlatforms) = postSolution
		{AA24A495-2FAE-4F5B-AEBD-1AAB28068476}.Debug|Any CPU.ActiveCfg = Debug|Any CPU
		{AA24A495-2FAE-4F5B-AEBD-1AAB28068476}.Debug|Any CPU.Build.0 = Debug|Any CPU
		{AA24A495-2FAE-4F5B-AEBD-1AAB28068476}.Release|Any CPU.ActiveCfg = Release|Any CPU
		{AA24A495-2FAE-4F5B-AEBD-1AAB28068476}.Release|Any CPU.Build.0 = Release|Any CPU
	EndGlobalSection
EndGlobal
